
Microsoft Visual Studio Solution File, Format Version 11.00
# Visual Studio 2010
Project("{FAE04EC0-301F-11D3-BF4B-00C04F79EFBC}") = "UnityEngine.TestRunner", "UnityEngine.TestRunner.csproj", "{6662b23b-e128-0b21-5b54-b119734c493d}"
EndProject
Project("{FAE04EC0-301F-11D3-BF4B-00C04F79EFBC}") = "Unity.Timeline", "Unity.Timeline.csproj", "{b251dd2e-8afa-390d-1908-735ca3d85756}"
EndProject
Project("{FAE04EC0-301F-11D3-BF4B-00C04F79EFBC}") = "UnityEngine.UI", "UnityEngine.UI.csproj", "{9a1f7b95-fec0-c9bc-bb9a-c2bd192b536b}"
EndProject
Project("{FAE04EC0-301F-11D3-BF4B-00C04F79EFBC}") = "Assembly-CSharp", "Assembly-CSharp.csproj", "{2732e4b9-0112-2b6a-734a-180c83aafd76}"
EndProject
Project("{FAE04EC0-301F-11D3-BF4B-00C04F79EFBC}") = "UnityEditor.TestRunner", "UnityEditor.TestRunner.csproj", "{c13e4489-75ed-9793-a6f5-7ad90ede78c3}"
EndProject
Project("{FAE04EC0-301F-11D3-BF4B-00C04F79EFBC}") = "Unity.PlasticSCM.Editor", "Unity.PlasticSCM.Editor.csproj", "{1d52eee5-6d01-f433-a795-b4d8961490f7}"
EndProject
Project("{FAE04EC0-301F-11D3-BF4B-00C04F79EFBC}") = "UnityEditor.UI", "UnityEditor.UI.csproj", "{95f14f11-ec82-61ba-5fc1-a3f139627b1b}"
EndProject
Project("{FAE04EC0-301F-11D3-BF4B-00C04F79EFBC}") = "Unity.Services.Core.Editor", "Unity.Services.Core.Editor.csproj", "{599bb68f-b4f1-bfb4-5bc1-0d4296ef9ecf}"
EndProject
Project("{FAE04EC0-301F-11D3-BF4B-00C04F79EFBC}") = "Unity.Timeline.Editor", "Unity.Timeline.Editor.csproj", "{2d021eac-dac0-f042-c24b-fb8bd7d2dad4}"
EndProject
Project("{FAE04EC0-301F-11D3-BF4B-00C04F79EFBC}") = "Unity.VisualStudio.Editor", "Unity.VisualStudio.Editor.csproj", "{51946a7c-2998-ef71-5efa-ec18ef2a69d0}"
EndProject
Project("{FAE04EC0-301F-11D3-BF4B-00C04F79EFBC}") = "Unity.CollabProxy.Editor", "Unity.CollabProxy.Editor.csproj", "{ed3af4bf-5154-fae3-16f6-a0979999d52a}"
EndProject
Project("{FAE04EC0-301F-11D3-BF4B-00C04F79EFBC}") = "Unity.Rider.Editor", "Unity.Rider.Editor.csproj", "{d621a4a7-40df-7c37-ce04-b66f5db88250}"
EndProject
Project("{FAE04EC0-301F-11D3-BF4B-00C04F79EFBC}") = "Unity.VSCode.Editor", "Unity.VSCode.Editor.csproj", "{50516cbb-9a4d-f127-eb88-51f5cf8be7ad}"
EndProject
Global
	GlobalSection(SolutionConfigurationPlatforms) = preSolution
		Debug|Any CPU = Debug|Any CPU
	EndGlobalSection
	GlobalSection(ProjectConfigurationPlatforms) = postSolution
		{6662b23b-e128-0b21-5b54-b119734c493d}.Debug|Any CPU.ActiveCfg = Debug|Any CPU
		{6662b23b-e128-0b21-5b54-b119734c493d}.Debug|Any CPU.Build.0 = Debug|Any CPU
		{b251dd2e-8afa-390d-1908-735ca3d85756}.Debug|Any CPU.ActiveCfg = Debug|Any CPU
		{b251dd2e-8afa-390d-1908-735ca3d85756}.Debug|Any CPU.Build.0 = Debug|Any CPU
		{9a1f7b95-fec0-c9bc-bb9a-c2bd192b536b}.Debug|Any CPU.ActiveCfg = Debug|Any CPU
		{9a1f7b95-fec0-c9bc-bb9a-c2bd192b536b}.Debug|Any CPU.Build.0 = Debug|Any CPU
		{2732e4b9-0112-2b6a-734a-180c83aafd76}.Debug|Any CPU.ActiveCfg = Debug|Any CPU
		{2732e4b9-0112-2b6a-734a-180c83aafd76}.Debug|Any CPU.Build.0 = Debug|Any CPU
		{c13e4489-75ed-9793-a6f5-7ad90ede78c3}.Debug|Any CPU.ActiveCfg = Debug|Any CPU
		{c13e4489-75ed-9793-a6f5-7ad90ede78c3}.Debug|Any CPU.Build.0 = Debug|Any CPU
		{1d52eee5-6d01-f433-a795-b4d8961490f7}.Debug|Any CPU.ActiveCfg = Debug|Any CPU
		{1d52eee5-6d01-f433-a795-b4d8961490f7}.Debug|Any CPU.Build.0 = Debug|Any CPU
		{95f14f11-ec82-61ba-5fc1-a3f139627b1b}.Debug|Any CPU.ActiveCfg = Debug|Any CPU
		{95f14f11-ec82-61ba-5fc1-a3f139627b1b}.Debug|Any CPU.Build.0 = Debug|Any CPU
		{599bb68f-b4f1-bfb4-5bc1-0d4296ef9ecf}.Debug|Any CPU.ActiveCfg = Debug|Any CPU
		{599bb68f-b4f1-bfb4-5bc1-0d4296ef9ecf}.Debug|Any CPU.Build.0 = Debug|Any CPU
		{2d021eac-dac0-f042-c24b-fb8bd7d2dad4}.Debug|Any CPU.ActiveCfg = Debug|Any CPU
		{2d021eac-dac0-f042-c24b-fb8bd7d2dad4}.Debug|Any CPU.Build.0 = Debug|Any CPU
		{51946a7c-2998-ef71-5efa-ec18ef2a69d0}.Debug|Any CPU.ActiveCfg = Debug|Any CPU
		{51946a7c-2998-ef71-5efa-ec18ef2a69d0}.Debug|Any CPU.Build.0 = Debug|Any CPU
		{ed3af4bf-5154-fae3-16f6-a0979999d52a}.Debug|Any CPU.ActiveCfg = Debug|Any CPU
		{ed3af4bf-5154-fae3-16f6-a0979999d52a}.Debug|Any CPU.Build.0 = Debug|Any CPU
		{d621a4a7-40df-7c37-ce04-b66f5db88250}.Debug|Any CPU.ActiveCfg = Debug|Any CPU
		{d621a4a7-40df-7c37-ce04-b66f5db88250}.Debug|Any CPU.Build.0 = Debug|Any CPU
		{50516cbb-9a4d-f127-eb88-51f5cf8be7ad}.Debug|Any CPU.ActiveCfg = Debug|Any CPU
		{50516cbb-9a4d-f127-eb88-51f5cf8be7ad}.Debug|Any CPU.Build.0 = Debug|Any CPU
	EndGlobalSection
	GlobalSection(SolutionProperties) = preSolution
		HideSolutionNode = FALSE
	EndGlobalSection
EndGlobal
